
Microsoft Visual Studio Solution File, Format Version 12.00
# Visual Studio Version 16
VisualStudioVersion = 16.0.30804.86
MinimumVisualStudioVersion = 10.0.40219.1
Project("{2150E333-8FDC-42A3-9474-1A3956D46DE8}") = "1.API", "1.API", "{1A65F9D3-F5EB-48D9-BD9C-7F7796AB60BB}"
EndProject
Project("{FAE04EC0-301F-11D3-BF4B-00C04F79EFBC}") = "ONC.RESTful.API", "ONC.RESTful\ONC.RESTful.API\ONC.RESTful.API.csproj", "{7603C257-1333-4AA7-A34F-DE70681950FB}"
EndProject
Project("{FAE04EC0-301F-11D3-BF4B-00C04F79EFBC}") = "ONC.RESTful.API.Common", "ONC.RESTful\ONC.RESTful.API.Common\ONC.RESTful.API.Common.csproj", "{62C7EDA1-AD65-4D6A-A231-E1987169AEFB}"
EndProject
Project("{FAE04EC0-301F-11D3-BF4B-00C04F79EFBC}") = "ONC.RESTful.API.DataContracts", "ONC.RESTful\ONC.RESTful.API.DataContracts\ONC.RESTful.API.DataContracts.csproj", "{325052CD-1FE9-4C21-A395-4654537F2BE1}"
EndProject
Project("{2150E333-8FDC-42A3-9474-1A3956D46DE8}") = "00.Tests", "00.Tests", "{7A9E15C9-2FEC-4275-A057-0C4962A0F98C}"
EndProject
Project("{FAE04EC0-301F-11D3-BF4B-00C04F79EFBC}") = "ONC.RESTful.API.Tests.Controllers", "ONC.RESTful\ONC.RESTful.API.Tests.Controllers\ONC.RESTful.API.Tests.Controllers.csproj", "{303CCA2D-2711-472B-B480-D9DBD048D3B6}"
EndProject
Project("{FAE04EC0-301F-11D3-BF4B-00C04F79EFBC}") = "ONC.RESTful.API.Tests.REST", "ONC.RESTful\ONC.RESTful.API.Tests.REST\ONC.RESTful.API.Tests.REST.csproj", "{3DC23A56-958E-41BF-91B5-770BDFE4B891}"
EndProject
Project("{2150E333-8FDC-42A3-9474-1A3956D46DE8}") = "01.Common", "01.Common", "{265962C3-A30C-4E6F-8C43-CF63A804E2D3}"
EndProject
Project("{FAE04EC0-301F-11D3-BF4B-00C04F79EFBC}") = "ONC.RESTful.IoC.Configuration", "ONC.RESTful\ONC.RESTful.IoC.Configuration\ONC.RESTful.IoC.Configuration.csproj", "{027F9233-21F5-4242-9155-CD6A3A2AED30}"
EndProject
Project("{FAE04EC0-301F-11D3-BF4B-00C04F79EFBC}") = "ONC.RESTful.Tools", "ONC.RESTful\ONC.RESTful.Tools\ONC.RESTful.Tools.csproj", "{1EFAA008-B46D-44C3-ADEA-FF2E1F4ECC5A}"
EndProject
Project("{2150E333-8FDC-42A3-9474-1A3956D46DE8}") = "2.Services", "2.Services", "{3FA20465-DFA3-4ACC-B882-6EE8E3A001A8}"
EndProject
Project("{FAE04EC0-301F-11D3-BF4B-00C04F79EFBC}") = "ONC.RESTful.Services", "ONC.RESTful\ONC.RESTful.Services\ONC.RESTful.Services.csproj", "{D08365F9-EAEE-4312-8CD7-4D70A88E0204}"
EndProject
Project("{FAE04EC0-301F-11D3-BF4B-00C04F79EFBC}") = "ONC.RESTful.Services.Contracts", "ONC.RESTful\ONC.RESTful.Services.Contracts\ONC.RESTful.Services.Contracts.csproj", "{C10A38BD-BD0C-4030-86B0-BF050D5AF1CE}"
EndProject
Project("{FAE04EC0-301F-11D3-BF4B-00C04F79EFBC}") = "ONC.RESTful.Services.Model", "ONC.RESTful\ONC.RESTful.Services.Model\ONC.RESTful.Services.Model.csproj", "{CEF2F46C-A61E-4174-BD31-E66C9A5F41E2}"
EndProject
Project("{2150E333-8FDC-42A3-9474-1A3956D46DE8}") = "3.Repositories", "3.Repositories", "{C866FC28-589E-4FC9-BEBF-CF6D93F21457}"
EndProject
Project("{FAE04EC0-301F-11D3-BF4B-00C04F79EFBC}") = "ONC.RESTful.Data", "ONC.RESTful\ONC.RESTful.Data\ONC.RESTful.Data.csproj", "{03397BBB-EF5E-4102-BAF5-20B2A6500EB8}"
EndProject
Global
	GlobalSection(SolutionConfigurationPlatforms) = preSolution
		Debug|Any CPU = Debug|Any CPU
		Release|Any CPU = Release|Any CPU
	EndGlobalSection
	GlobalSection(ProjectConfigurationPlatforms) = postSolution
		{7603C257-1333-4AA7-A34F-DE70681950FB}.Debug|Any CPU.ActiveCfg = Debug|Any CPU
		{7603C257-1333-4AA7-A34F-DE70681950FB}.Debug|Any CPU.Build.0 = Debug|Any CPU
		{7603C257-1333-4AA7-A34F-DE70681950FB}.Release|Any CPU.ActiveCfg = Release|Any CPU
		{7603C257-1333-4AA7-A34F-DE70681950FB}.Release|Any CPU.Build.0 = Release|Any CPU
		{62C7EDA1-AD65-4D6A-A231-E1987169AEFB}.Debug|Any CPU.ActiveCfg = Debug|Any CPU
		{62C7EDA1-AD65-4D6A-A231-E1987169AEFB}.Debug|Any CPU.Build.0 = Debug|Any CPU
		{62C7EDA1-AD65-4D6A-A231-E1987169AEFB}.Release|Any CPU.ActiveCfg = Release|Any CPU
		{62C7EDA1-AD65-4D6A-A231-E1987169AEFB}.Release|Any CPU.Build.0 = Release|Any CPU
		{325052CD-1FE9-4C21-A395-4654537F2BE1}.Debug|Any CPU.ActiveCfg = Debug|Any CPU
		{325052CD-1FE9-4C21-A395-4654537F2BE1}.Debug|Any CPU.Build.0 = Debug|Any CPU
		{325052CD-1FE9-4C21-A395-4654537F2BE1}.Release|Any CPU.ActiveCfg = Release|Any CPU
		{325052CD-1FE9-4C21-A395-4654537F2BE1}.Release|Any CPU.Build.0 = Release|Any CPU
		{303CCA2D-2711-472B-B480-D9DBD048D3B6}.Debug|Any CPU.ActiveCfg = Debug|Any CPU
		{303CCA2D-2711-472B-B480-D9DBD048D3B6}.Debug|Any CPU.Build.0 = Debug|Any CPU
		{303CCA2D-2711-472B-B480-D9DBD048D3B6}.Release|Any CPU.ActiveCfg = Release|Any CPU
		{303CCA2D-2711-472B-B480-D9DBD048D3B6}.Release|Any CPU.Build.0 = Release|Any CPU
		{3DC23A56-958E-41BF-91B5-770BDFE4B891}.Debug|Any CPU.ActiveCfg = Debug|Any CPU
		{3DC23A56-958E-41BF-91B5-770BDFE4B891}.Debug|Any CPU.Build.0 = Debug|Any CPU
		{3DC23A56-958E-41BF-91B5-770BDFE4B891}.Release|Any CPU.ActiveCfg = Release|Any CPU
		{3DC23A56-958E-41BF-91B5-770BDFE4B891}.Release|Any CPU.Build.0 = Release|Any CPU
		{027F9233-21F5-4242-9155-CD6A3A2AED30}.Debug|Any CPU.ActiveCfg = Debug|Any CPU
		{027F9233-21F5-4242-9155-CD6A3A2AED30}.Debug|Any CPU.Build.0 = Debug|Any CPU
		{027F9233-21F5-4242-9155-CD6A3A2AED30}.Release|Any CPU.ActiveCfg = Release|Any CPU
		{027F9233-21F5-4242-9155-CD6A3A2AED30}.Release|Any CPU.Build.0 = Release|Any CPU
		{1EFAA008-B46D-44C3-ADEA-FF2E1F4ECC5A}.Debug|Any CPU.ActiveCfg = Debug|Any CPU
		{1EFAA008-B46D-44C3-ADEA-FF2E1F4ECC5A}.Debug|Any CPU.Build.0 = Debug|Any CPU
		{1EFAA008-B46D-44C3-ADEA-FF2E1F4ECC5A}.Release|Any CPU.ActiveCfg = Release|Any CPU
		{1EFAA008-B46D-44C3-ADEA-FF2E1F4ECC5A}.Release|Any CPU.Build.0 = Release|Any CPU
		{D08365F9-EAEE-4312-8CD7-4D70A88E0204}.Debug|Any CPU.ActiveCfg = Debug|Any CPU
		{D08365F9-EAEE-4312-8CD7-4D70A88E0204}.Debug|Any CPU.Build.0 = Debug|Any CPU
		{D08365F9-EAEE-4312-8CD7-4D70A88E0204}.Release|Any CPU.ActiveCfg = Release|Any CPU
		{D08365F9-EAEE-4312-8CD7-4D70A88E0204}.Release|Any CPU.Build.0 = Release|Any CPU
		{C10A38BD-BD0C-4030-86B0-BF050D5AF1CE}.Debug|Any CPU.ActiveCfg = Debug|Any CPU
		{C10A38BD-BD0C-4030-86B0-BF050D5AF1CE}.Debug|Any CPU.Build.0 = Debug|Any CPU
		{C10A38BD-BD0C-4030-86B0-BF050D5AF1CE}.Release|Any CPU.ActiveCfg = Release|Any CPU
		{C10A38BD-BD0C-4030-86B0-BF050D5AF1CE}.Release|Any CPU.Build.0 = Release|Any CPU
		{CEF2F46C-A61E-4174-BD31-E66C9A5F41E2}.Debug|Any CPU.ActiveCfg = Debug|Any CPU
		{CEF2F46C-A61E-4174-BD31-E66C9A5F41E2}.Debug|Any CPU.Build.0 = Debug|Any CPU
		{CEF2F46C-A61E-4174-BD31-E66C9A5F41E2}.Release|Any CPU.ActiveCfg = Release|Any CPU
		{CEF2F46C-A61E-4174-BD31-E66C9A5F41E2}.Release|Any CPU.Build.0 = Release|Any CPU
		{03397BBB-EF5E-4102-BAF5-20B2A6500EB8}.Debug|Any CPU.ActiveCfg = Debug|Any CPU
		{03397BBB-EF5E-4102-BAF5-20B2A6500EB8}.Debug|Any CPU.Build.0 = Debug|Any CPU
		{03397BBB-EF5E-4102-BAF5-20B2A6500EB8}.Release|Any CPU.ActiveCfg = Release|Any CPU
		{03397BBB-EF5E-4102-BAF5-20B2A6500EB8}.Release|Any CPU.Build.0 = Release|Any CPU
	EndGlobalSection
	GlobalSection(SolutionProperties) = preSolution
		HideSolutionNode = FALSE
	EndGlobalSection
	GlobalSection(NestedProjects) = preSolution
		{7603C257-1333-4AA7-A34F-DE70681950FB} = {1A65F9D3-F5EB-48D9-BD9C-7F7796AB60BB}
		{62C7EDA1-AD65-4D6A-A231-E1987169AEFB} = {1A65F9D3-F5EB-48D9-BD9C-7F7796AB60BB}
		{325052CD-1FE9-4C21-A395-4654537F2BE1} = {1A65F9D3-F5EB-48D9-BD9C-7F7796AB60BB}
		{303CCA2D-2711-472B-B480-D9DBD048D3B6} = {7A9E15C9-2FEC-4275-A057-0C4962A0F98C}
		{3DC23A56-958E-41BF-91B5-770BDFE4B891} = {7A9E15C9-2FEC-4275-A057-0C4962A0F98C}
		{027F9233-21F5-4242-9155-CD6A3A2AED30} = {265962C3-A30C-4E6F-8C43-CF63A804E2D3}
		{1EFAA008-B46D-44C3-ADEA-FF2E1F4ECC5A} = {265962C3-A30C-4E6F-8C43-CF63A804E2D3}
		{D08365F9-EAEE-4312-8CD7-4D70A88E0204} = {3FA20465-DFA3-4ACC-B882-6EE8E3A001A8}
		{C10A38BD-BD0C-4030-86B0-BF050D5AF1CE} = {3FA20465-DFA3-4ACC-B882-6EE8E3A001A8}
		{CEF2F46C-A61E-4174-BD31-E66C9A5F41E2} = {3FA20465-DFA3-4ACC-B882-6EE8E3A001A8}
		{03397BBB-EF5E-4102-BAF5-20B2A6500EB8} = {C866FC28-589E-4FC9-BEBF-CF6D93F21457}
	EndGlobalSection
	GlobalSection(ExtensibilityGlobals) = postSolution
		SolutionGuid = {D686A0FD-1FD6-4386-AC07-2CCBD1680035}
	EndGlobalSection
EndGlobal
